<?xml version="1.0" encoding="utf-8"?>
<Project ToolsVersion="17.0" xmlns="http://schemas.microsoft.com/developer/msbuild/2003">
  <ItemGroup>
    <ClCompile Include="C:\Users\tomto\Desktop\paval\papers\control23\tests\main.cpp">
      <Filter>Source Files</Filter>
    </ClCompile>
    <ClCompile Include="C:\Users\tomto\Desktop\paval\papers\control23\tests\MC_Dist.cpp">
      <Filter>Source Files</Filter>
    </ClCompile>
    <ClCompile Include="C:\Users\tomto\Desktop\paval\papers\control23\tests\MC_DistDiaNocheF.cpp">
      <Filter>Source Files</Filter>
    </ClCompile>
  </ItemGroup>
  <ItemGroup>
    <CustomBuild Include="C:\Users\tomto\Desktop\paval\papers\control23\tests\CMakeLists.txt" />
  </ItemGroup>
  <ItemGroup>
    <Filter Include="Source Files">
      <UniqueIdentifier>{DBA9324B-942B-3598-8EAC-B0E6993CE888}</UniqueIdentifier>
    </Filter>
  </ItemGroup>
</Project>
