<?xml version="1.0" encoding="utf-8"?>
<Project ToolsVersion="17.0" xmlns="http://schemas.microsoft.com/developer/msbuild/2003">
  <ItemGroup>
    <CustomBuild Include="C:\Users\tomto\Desktop\paval\papers\control23\tests\build_windows\CMakeFiles\d5e7e650ab3c1eb69fc8e7ff3fa18594\generate.stamp.rule">
      <Filter>CMake Rules</Filter>
    </CustomBuild>
  </ItemGroup>
  <ItemGroup>
    <Filter Include="CMake Rules">
      <UniqueIdentifier>{1C47C956-FAF0-350D-A5A3-1D84B91D64EF}</UniqueIdentifier>
    </Filter>
  </ItemGroup>
</Project>
